
Microsoft Visual Studio Solution File, Format Version 12.00
# Visual Studio Version 17
VisualStudioVersion = 17.9.34728.123
MinimumVisualStudioVersion = 10.0.40219.1
Project("{9A19103F-16F7-4668-BE54-9A1E7A4F7556}") = "IRIS TEST Problem 2", "IRIS TEST Problem 2\IRIS TEST Problem 2.csproj", "{D129589D-B562-4780-9EE7-0E9F17C2570B}"
EndProject
Project("{9A19103F-16F7-4668-BE54-9A1E7A4F7556}") = "IRIS Test Problem 1", "IRIS Test Problem 1\IRIS Test Problem 1.csproj", "{76E8CEEC-E30C-46EC-9445-2D94344778F3}"
EndProject
Global
	GlobalSection(SolutionConfigurationPlatforms) = preSolution
		Debug|Any CPU = Debug|Any CPU
		Release|Any CPU = Release|Any CPU
	EndGlobalSection
	GlobalSection(ProjectConfigurationPlatforms) = postSolution
		{D129589D-B562-4780-9EE7-0E9F17C2570B}.Debug|Any CPU.ActiveCfg = Debug|Any CPU
		{D129589D-B562-4780-9EE7-0E9F17C2570B}.Debug|Any CPU.Build.0 = Debug|Any CPU
		{D129589D-B562-4780-9EE7-0E9F17C2570B}.Release|Any CPU.ActiveCfg = Release|Any CPU
		{D129589D-B562-4780-9EE7-0E9F17C2570B}.Release|Any CPU.Build.0 = Release|Any CPU
		{76E8CEEC-E30C-46EC-9445-2D94344778F3}.Debug|Any CPU.ActiveCfg = Debug|Any CPU
		{76E8CEEC-E30C-46EC-9445-2D94344778F3}.Debug|Any CPU.Build.0 = Debug|Any CPU
		{76E8CEEC-E30C-46EC-9445-2D94344778F3}.Release|Any CPU.ActiveCfg = Release|Any CPU
		{76E8CEEC-E30C-46EC-9445-2D94344778F3}.Release|Any CPU.Build.0 = Release|Any CPU
	EndGlobalSection
	GlobalSection(SolutionProperties) = preSolution
		HideSolutionNode = FALSE
	EndGlobalSection
	GlobalSection(ExtensibilityGlobals) = postSolution
		SolutionGuid = {F1DAB55B-E61D-46CB-8E3F-4CCC9B17233B}
	EndGlobalSection
EndGlobal
